
Microsoft Visual Studio Solution File, Format Version 12.00
# Visual Studio Version 17
VisualStudioVersion = 17.7.34221.43
MinimumVisualStudioVersion = 10.0.40219.1
Project("{9A19103F-16F7-4668-BE54-9A1E7A4F7556}") = "Aplproject", "Aplproject.csproj", "{F8396AA2-884E-42D1-96AF-BE00F23ACB79}"
	ProjectSection(ProjectDependencies) = postProject
		{274E0542-96A3-4A90-9B7D-41D5B65A05EA} = {274E0542-96A3-4A90-9B7D-41D5B65A05EA}
		{CB385A92-311F-41ED-9014-B330B1AD2385} = {CB385A92-311F-41ED-9014-B330B1AD2385}
	EndProjectSection
EndProject
Project("{8BC9CEB8-8B4A-11D0-8D11-00A0C91BC942}") = "Asm", "..\Asm\Asm.vcxproj", "{274E0542-96A3-4A90-9B7D-41D5B65A05EA}"
EndProject
Project("{8BC9CEB8-8B4A-11D0-8D11-00A0C91BC942}") = "Cppdll", "..\Cppdll\Cppdll.vcxproj", "{CB385A92-311F-41ED-9014-B330B1AD2385}"
EndProject
Global
	GlobalSection(SolutionConfigurationPlatforms) = preSolution
		Debug|Any CPU = Debug|Any CPU
		Debug|x64 = Debug|x64
		Debug|x86 = Debug|x86
		Release|Any CPU = Release|Any CPU
		Release|x64 = Release|x64
		Release|x86 = Release|x86
	EndGlobalSection
	GlobalSection(ProjectConfigurationPlatforms) = postSolution
		{F8396AA2-884E-42D1-96AF-BE00F23ACB79}.Debug|Any CPU.ActiveCfg = Debug|Any CPU
		{F8396AA2-884E-42D1-96AF-BE00F23ACB79}.Debug|Any CPU.Build.0 = Debug|Any CPU
		{F8396AA2-884E-42D1-96AF-BE00F23ACB79}.Debug|x64.ActiveCfg = Debug|Any CPU
		{F8396AA2-884E-42D1-96AF-BE00F23ACB79}.Debug|x64.Build.0 = Debug|Any CPU
		{F8396AA2-884E-42D1-96AF-BE00F23ACB79}.Debug|x86.ActiveCfg = Debug|Any CPU
		{F8396AA2-884E-42D1-96AF-BE00F23ACB79}.Debug|x86.Build.0 = Debug|Any CPU
		{F8396AA2-884E-42D1-96AF-BE00F23ACB79}.Release|Any CPU.ActiveCfg = Release|Any CPU
		{F8396AA2-884E-42D1-96AF-BE00F23ACB79}.Release|Any CPU.Build.0 = Release|Any CPU
		{F8396AA2-884E-42D1-96AF-BE00F23ACB79}.Release|x64.ActiveCfg = Release|Any CPU
		{F8396AA2-884E-42D1-96AF-BE00F23ACB79}.Release|x64.Build.0 = Release|Any CPU
		{F8396AA2-884E-42D1-96AF-BE00F23ACB79}.Release|x86.ActiveCfg = Release|Any CPU
		{F8396AA2-884E-42D1-96AF-BE00F23ACB79}.Release|x86.Build.0 = Release|Any CPU
		{274E0542-96A3-4A90-9B7D-41D5B65A05EA}.Debug|Any CPU.ActiveCfg = Debug|x64
		{274E0542-96A3-4A90-9B7D-41D5B65A05EA}.Debug|Any CPU.Build.0 = Debug|x64
		{274E0542-96A3-4A90-9B7D-41D5B65A05EA}.Debug|x64.ActiveCfg = Debug|x64
		{274E0542-96A3-4A90-9B7D-41D5B65A05EA}.Debug|x64.Build.0 = Debug|x64
		{274E0542-96A3-4A90-9B7D-41D5B65A05EA}.Debug|x86.ActiveCfg = Debug|x64
		{274E0542-96A3-4A90-9B7D-41D5B65A05EA}.Debug|x86.Build.0 = Debug|x64
		{274E0542-96A3-4A90-9B7D-41D5B65A05EA}.Release|Any CPU.ActiveCfg = Release|x64
		{274E0542-96A3-4A90-9B7D-41D5B65A05EA}.Release|Any CPU.Build.0 = Release|x64
		{274E0542-96A3-4A90-9B7D-41D5B65A05EA}.Release|x64.ActiveCfg = Release|x64
		{274E0542-96A3-4A90-9B7D-41D5B65A05EA}.Release|x64.Build.0 = Release|x64
		{274E0542-96A3-4A90-9B7D-41D5B65A05EA}.Release|x86.ActiveCfg = Release|Win32
		{274E0542-96A3-4A90-9B7D-41D5B65A05EA}.Release|x86.Build.0 = Release|Win32
		{CB385A92-311F-41ED-9014-B330B1AD2385}.Debug|Any CPU.ActiveCfg = Debug|x64
		{CB385A92-311F-41ED-9014-B330B1AD2385}.Debug|Any CPU.Build.0 = Debug|x64
		{CB385A92-311F-41ED-9014-B330B1AD2385}.Debug|x64.ActiveCfg = Release|x64
		{CB385A92-311F-41ED-9014-B330B1AD2385}.Debug|x64.Build.0 = Release|x64
		{CB385A92-311F-41ED-9014-B330B1AD2385}.Debug|x86.ActiveCfg = Debug|x64
		{CB385A92-311F-41ED-9014-B330B1AD2385}.Debug|x86.Build.0 = Debug|x64
		{CB385A92-311F-41ED-9014-B330B1AD2385}.Release|Any CPU.ActiveCfg = Release|x64
		{CB385A92-311F-41ED-9014-B330B1AD2385}.Release|Any CPU.Build.0 = Release|x64
		{CB385A92-311F-41ED-9014-B330B1AD2385}.Release|x64.ActiveCfg = Release|x64
		{CB385A92-311F-41ED-9014-B330B1AD2385}.Release|x64.Build.0 = Release|x64
		{CB385A92-311F-41ED-9014-B330B1AD2385}.Release|x86.ActiveCfg = Release|Win32
		{CB385A92-311F-41ED-9014-B330B1AD2385}.Release|x86.Build.0 = Release|Win32
	EndGlobalSection
	GlobalSection(SolutionProperties) = preSolution
		HideSolutionNode = FALSE
	EndGlobalSection
	GlobalSection(ExtensibilityGlobals) = postSolution
		SolutionGuid = {FBA8BF45-754C-4D1E-B09C-595F53A79B62}
	EndGlobalSection
EndGlobal
